
Microsoft Visual Studio Solution File, Format Version 12.00
# Visual Studio Version 17
VisualStudioVersion = 17.0.31903.59
MinimumVisualStudioVersion = 10.0.40219.1
Project("{2150E333-8FDC-42A3-9474-1A3956D46DE8}") = "Chapter_01", "Chapter_01", "{59CAEA31-4096-7F28-CF1D-73A1B359F9C6}"
EndProject
Project("{FAE04EC0-301F-11D3-BF4B-00C04F79EFBC}") = "Challenge_02", "Chapter_01\Challenge_02\Challenge_02.csproj", "{31D23686-B24E-4B43-8686-E7E1BBB07D2E}"
EndProject
Project("{FAE04EC0-301F-11D3-BF4B-00C04F79EFBC}") = "Challenge_03", "Chapter_01\Challenge_03\Challenge_03.csproj", "{A474DA3C-DB27-419B-8FC3-38D8088379D6}"
EndProject
Project("{2150E333-8FDC-42A3-9474-1A3956D46DE8}") = "Chapter_02", "Chapter_02", "{17E4BE37-DF7D-7D64-86D1-11F9AEBAA624}"
EndProject
Project("{FAE04EC0-301F-11D3-BF4B-00C04F79EFBC}") = "Challenge_01", "Chapter_01\Challenge_01\Challenge_01.csproj", "{A05A5A4E-E6DC-475B-8976-3D22F465E6CD}"
EndProject
Project("{2150E333-8FDC-42A3-9474-1A3956D46DE8}") = "Chapter_03", "Chapter_03", "{512DD082-EDAA-172F-0C57-B2A2D1BF164A}"
EndProject
Project("{FAE04EC0-301F-11D3-BF4B-00C04F79EFBC}") = "Challenge_01", "Chapter_02\Challenge_01\Challenge_01.csproj", "{BFA7063B-AFE8-482B-9475-C449BF34BBDB}"
EndProject
Project("{2150E333-8FDC-42A3-9474-1A3956D46DE8}") = "Chapter_04", "Chapter_04", "{A8F5A690-D9F9-54FE-C989-930DE2913FDC}"
EndProject
Project("{2150E333-8FDC-42A3-9474-1A3956D46DE8}") = "Chapter_05", "Chapter_05", "{6F75CAE1-0C42-F5E8-8AD2-40D99B1A9D74}"
EndProject
Project("{2150E333-8FDC-42A3-9474-1A3956D46DE8}") = "Chapter_06", "Chapter_06", "{9B84280F-5814-58CB-A639-D885E59A34AD}"
EndProject
Project("{FAE04EC0-301F-11D3-BF4B-00C04F79EFBC}") = "Challenge_01", "Chapter_06\Challenge_01\Challenge_01.csproj", "{7B553B2F-2F85-4E6E-9928-9F4ECEE37FA4}"
EndProject
Project("{2150E333-8FDC-42A3-9474-1A3956D46DE8}") = "Chapter_07", "Chapter_07", "{7F29BA97-E352-F406-4DD6-EB84EFE882EB}"
EndProject
Project("{FAE04EC0-301F-11D3-BF4B-00C04F79EFBC}") = "Challenge_01", "Chapter_07\Challenge_01\Challenge_01.csproj", "{6A8FA965-EC36-4F5B-84B9-4363BA7B5203}"
EndProject
Project("{FAE04EC0-301F-11D3-BF4B-00C04F79EFBC}") = "Challenge_02", "Chapter_07\Challenge_02\Challenge_02.csproj", "{089F4A96-0F1D-45EA-93B8-E4F60C56BEA4}"
EndProject
Project("{FAE04EC0-301F-11D3-BF4B-00C04F79EFBC}") = "Challenge_03", "Chapter_07\Challenge_03\Challenge_03.csproj", "{DB038FBA-FAB1-4CED-AD99-3252ADA05547}"
EndProject
Project("{2150E333-8FDC-42A3-9474-1A3956D46DE8}") = "Chapter_08", "Chapter_08", "{5E1EDC01-9AB9-497A-3175-DA8143C62406}"
EndProject
Project("{FAE04EC0-301F-11D3-BF4B-00C04F79EFBC}") = "Challenge_01", "Chapter_08\Challenge_01\Challenge_01.csproj", "{065ED6DD-1664-42FE-A9FC-5BADB18FC25E}"
EndProject
Project("{FAE04EC0-301F-11D3-BF4B-00C04F79EFBC}") = "Sandbox", "Chapter_03\Sandbox\Sandbox.csproj", "{AA75A654-24A1-4A3B-9D02-0EA3ABC4DFF1}"
EndProject
Project("{FAE04EC0-301F-11D3-BF4B-00C04F79EFBC}") = "Sandbox", "Chapter_04\Sandbox\Sandbox.csproj", "{0B8AE329-7F43-4A2B-BA8E-F2674C05BEC5}"
EndProject
Project("{FAE04EC0-301F-11D3-BF4B-00C04F79EFBC}") = "Sandbox", "Chapter_05\Sandbox\Sandbox.csproj", "{221DD6D3-6D10-48B6-8A62-455DE15D437A}"
EndProject
Global
	GlobalSection(SolutionConfigurationPlatforms) = preSolution
		Debug|Any CPU = Debug|Any CPU
		Debug|x64 = Debug|x64
		Debug|x86 = Debug|x86
		Release|Any CPU = Release|Any CPU
		Release|x64 = Release|x64
		Release|x86 = Release|x86
	EndGlobalSection
	GlobalSection(ProjectConfigurationPlatforms) = postSolution
		{31D23686-B24E-4B43-8686-E7E1BBB07D2E}.Debug|Any CPU.ActiveCfg = Debug|Any CPU
		{31D23686-B24E-4B43-8686-E7E1BBB07D2E}.Debug|Any CPU.Build.0 = Debug|Any CPU
		{31D23686-B24E-4B43-8686-E7E1BBB07D2E}.Debug|x64.ActiveCfg = Debug|Any CPU
		{31D23686-B24E-4B43-8686-E7E1BBB07D2E}.Debug|x64.Build.0 = Debug|Any CPU
		{31D23686-B24E-4B43-8686-E7E1BBB07D2E}.Debug|x86.ActiveCfg = Debug|Any CPU
		{31D23686-B24E-4B43-8686-E7E1BBB07D2E}.Debug|x86.Build.0 = Debug|Any CPU
		{31D23686-B24E-4B43-8686-E7E1BBB07D2E}.Release|Any CPU.ActiveCfg = Release|Any CPU
		{31D23686-B24E-4B43-8686-E7E1BBB07D2E}.Release|Any CPU.Build.0 = Release|Any CPU
		{31D23686-B24E-4B43-8686-E7E1BBB07D2E}.Release|x64.ActiveCfg = Release|Any CPU
		{31D23686-B24E-4B43-8686-E7E1BBB07D2E}.Release|x64.Build.0 = Release|Any CPU
		{31D23686-B24E-4B43-8686-E7E1BBB07D2E}.Release|x86.ActiveCfg = Release|Any CPU
		{31D23686-B24E-4B43-8686-E7E1BBB07D2E}.Release|x86.Build.0 = Release|Any CPU
		{A474DA3C-DB27-419B-8FC3-38D8088379D6}.Debug|Any CPU.ActiveCfg = Debug|Any CPU
		{A474DA3C-DB27-419B-8FC3-38D8088379D6}.Debug|Any CPU.Build.0 = Debug|Any CPU
		{A474DA3C-DB27-419B-8FC3-38D8088379D6}.Debug|x64.ActiveCfg = Debug|Any CPU
		{A474DA3C-DB27-419B-8FC3-38D8088379D6}.Debug|x64.Build.0 = Debug|Any CPU
		{A474DA3C-DB27-419B-8FC3-38D8088379D6}.Debug|x86.ActiveCfg = Debug|Any CPU
		{A474DA3C-DB27-419B-8FC3-38D8088379D6}.Debug|x86.Build.0 = Debug|Any CPU
		{A474DA3C-DB27-419B-8FC3-38D8088379D6}.Release|Any CPU.ActiveCfg = Release|Any CPU
		{A474DA3C-DB27-419B-8FC3-38D8088379D6}.Release|Any CPU.Build.0 = Release|Any CPU
		{A474DA3C-DB27-419B-8FC3-38D8088379D6}.Release|x64.ActiveCfg = Release|Any CPU
		{A474DA3C-DB27-419B-8FC3-38D8088379D6}.Release|x64.Build.0 = Release|Any CPU
		{A474DA3C-DB27-419B-8FC3-38D8088379D6}.Release|x86.ActiveCfg = Release|Any CPU
		{A474DA3C-DB27-419B-8FC3-38D8088379D6}.Release|x86.Build.0 = Release|Any CPU
		{A05A5A4E-E6DC-475B-8976-3D22F465E6CD}.Debug|Any CPU.ActiveCfg = Debug|Any CPU
		{A05A5A4E-E6DC-475B-8976-3D22F465E6CD}.Debug|Any CPU.Build.0 = Debug|Any CPU
		{A05A5A4E-E6DC-475B-8976-3D22F465E6CD}.Debug|x64.ActiveCfg = Debug|Any CPU
		{A05A5A4E-E6DC-475B-8976-3D22F465E6CD}.Debug|x64.Build.0 = Debug|Any CPU
		{A05A5A4E-E6DC-475B-8976-3D22F465E6CD}.Debug|x86.ActiveCfg = Debug|Any CPU
		{A05A5A4E-E6DC-475B-8976-3D22F465E6CD}.Debug|x86.Build.0 = Debug|Any CPU
		{A05A5A4E-E6DC-475B-8976-3D22F465E6CD}.Release|Any CPU.ActiveCfg = Release|Any CPU
		{A05A5A4E-E6DC-475B-8976-3D22F465E6CD}.Release|Any CPU.Build.0 = Release|Any CPU
		{A05A5A4E-E6DC-475B-8976-3D22F465E6CD}.Release|x64.ActiveCfg = Release|Any CPU
		{A05A5A4E-E6DC-475B-8976-3D22F465E6CD}.Release|x64.Build.0 = Release|Any CPU
		{A05A5A4E-E6DC-475B-8976-3D22F465E6CD}.Release|x86.ActiveCfg = Release|Any CPU
		{A05A5A4E-E6DC-475B-8976-3D22F465E6CD}.Release|x86.Build.0 = Release|Any CPU
		{BFA7063B-AFE8-482B-9475-C449BF34BBDB}.Debug|Any CPU.ActiveCfg = Debug|Any CPU
		{BFA7063B-AFE8-482B-9475-C449BF34BBDB}.Debug|Any CPU.Build.0 = Debug|Any CPU
		{BFA7063B-AFE8-482B-9475-C449BF34BBDB}.Debug|x64.ActiveCfg = Debug|Any CPU
		{BFA7063B-AFE8-482B-9475-C449BF34BBDB}.Debug|x64.Build.0 = Debug|Any CPU
		{BFA7063B-AFE8-482B-9475-C449BF34BBDB}.Debug|x86.ActiveCfg = Debug|Any CPU
		{BFA7063B-AFE8-482B-9475-C449BF34BBDB}.Debug|x86.Build.0 = Debug|Any CPU
		{BFA7063B-AFE8-482B-9475-C449BF34BBDB}.Release|Any CPU.ActiveCfg = Release|Any CPU
		{BFA7063B-AFE8-482B-9475-C449BF34BBDB}.Release|Any CPU.Build.0 = Release|Any CPU
		{BFA7063B-AFE8-482B-9475-C449BF34BBDB}.Release|x64.ActiveCfg = Release|Any CPU
		{BFA7063B-AFE8-482B-9475-C449BF34BBDB}.Release|x64.Build.0 = Release|Any CPU
		{BFA7063B-AFE8-482B-9475-C449BF34BBDB}.Release|x86.ActiveCfg = Release|Any CPU
		{BFA7063B-AFE8-482B-9475-C449BF34BBDB}.Release|x86.Build.0 = Release|Any CPU
		{7B553B2F-2F85-4E6E-9928-9F4ECEE37FA4}.Debug|Any CPU.ActiveCfg = Debug|Any CPU
		{7B553B2F-2F85-4E6E-9928-9F4ECEE37FA4}.Debug|Any CPU.Build.0 = Debug|Any CPU
		{7B553B2F-2F85-4E6E-9928-9F4ECEE37FA4}.Debug|x64.ActiveCfg = Debug|Any CPU
		{7B553B2F-2F85-4E6E-9928-9F4ECEE37FA4}.Debug|x64.Build.0 = Debug|Any CPU
		{7B553B2F-2F85-4E6E-9928-9F4ECEE37FA4}.Debug|x86.ActiveCfg = Debug|Any CPU
		{7B553B2F-2F85-4E6E-9928-9F4ECEE37FA4}.Debug|x86.Build.0 = Debug|Any CPU
		{7B553B2F-2F85-4E6E-9928-9F4ECEE37FA4}.Release|Any CPU.ActiveCfg = Release|Any CPU
		{7B553B2F-2F85-4E6E-9928-9F4ECEE37FA4}.Release|Any CPU.Build.0 = Release|Any CPU
		{7B553B2F-2F85-4E6E-9928-9F4ECEE37FA4}.Release|x64.ActiveCfg = Release|Any CPU
		{7B553B2F-2F85-4E6E-9928-9F4ECEE37FA4}.Release|x64.Build.0 = Release|Any CPU
		{7B553B2F-2F85-4E6E-9928-9F4ECEE37FA4}.Release|x86.ActiveCfg = Release|Any CPU
		{7B553B2F-2F85-4E6E-9928-9F4ECEE37FA4}.Release|x86.Build.0 = Release|Any CPU
		{6A8FA965-EC36-4F5B-84B9-4363BA7B5203}.Debug|Any CPU.ActiveCfg = Debug|Any CPU
		{6A8FA965-EC36-4F5B-84B9-4363BA7B5203}.Debug|Any CPU.Build.0 = Debug|Any CPU
		{6A8FA965-EC36-4F5B-84B9-4363BA7B5203}.Debug|x64.ActiveCfg = Debug|Any CPU
		{6A8FA965-EC36-4F5B-84B9-4363BA7B5203}.Debug|x64.Build.0 = Debug|Any CPU
		{6A8FA965-EC36-4F5B-84B9-4363BA7B5203}.Debug|x86.ActiveCfg = Debug|Any CPU
		{6A8FA965-EC36-4F5B-84B9-4363BA7B5203}.Debug|x86.Build.0 = Debug|Any CPU
		{6A8FA965-EC36-4F5B-84B9-4363BA7B5203}.Release|Any CPU.ActiveCfg = Release|Any CPU
		{6A8FA965-EC36-4F5B-84B9-4363BA7B5203}.Release|Any CPU.Build.0 = Release|Any CPU
		{6A8FA965-EC36-4F5B-84B9-4363BA7B5203}.Release|x64.ActiveCfg = Release|Any CPU
		{6A8FA965-EC36-4F5B-84B9-4363BA7B5203}.Release|x64.Build.0 = Release|Any CPU
		{6A8FA965-EC36-4F5B-84B9-4363BA7B5203}.Release|x86.ActiveCfg = Release|Any CPU
		{6A8FA965-EC36-4F5B-84B9-4363BA7B5203}.Release|x86.Build.0 = Release|Any CPU
		{089F4A96-0F1D-45EA-93B8-E4F60C56BEA4}.Debug|Any CPU.ActiveCfg = Debug|Any CPU
		{089F4A96-0F1D-45EA-93B8-E4F60C56BEA4}.Debug|Any CPU.Build.0 = Debug|Any CPU
		{089F4A96-0F1D-45EA-93B8-E4F60C56BEA4}.Debug|x64.ActiveCfg = Debug|Any CPU
		{089F4A96-0F1D-45EA-93B8-E4F60C56BEA4}.Debug|x64.Build.0 = Debug|Any CPU
		{089F4A96-0F1D-45EA-93B8-E4F60C56BEA4}.Debug|x86.ActiveCfg = Debug|Any CPU
		{089F4A96-0F1D-45EA-93B8-E4F60C56BEA4}.Debug|x86.Build.0 = Debug|Any CPU
		{089F4A96-0F1D-45EA-93B8-E4F60C56BEA4}.Release|Any CPU.ActiveCfg = Release|Any CPU
		{089F4A96-0F1D-45EA-93B8-E4F60C56BEA4}.Release|Any CPU.Build.0 = Release|Any CPU
		{089F4A96-0F1D-45EA-93B8-E4F60C56BEA4}.Release|x64.ActiveCfg = Release|Any CPU
		{089F4A96-0F1D-45EA-93B8-E4F60C56BEA4}.Release|x64.Build.0 = Release|Any CPU
		{089F4A96-0F1D-45EA-93B8-E4F60C56BEA4}.Release|x86.ActiveCfg = Release|Any CPU
		{089F4A96-0F1D-45EA-93B8-E4F60C56BEA4}.Release|x86.Build.0 = Release|Any CPU
		{DB038FBA-FAB1-4CED-AD99-3252ADA05547}.Debug|Any CPU.ActiveCfg = Debug|Any CPU
		{DB038FBA-FAB1-4CED-AD99-3252ADA05547}.Debug|Any CPU.Build.0 = Debug|Any CPU
		{DB038FBA-FAB1-4CED-AD99-3252ADA05547}.Debug|x64.ActiveCfg = Debug|Any CPU
		{DB038FBA-FAB1-4CED-AD99-3252ADA05547}.Debug|x64.Build.0 = Debug|Any CPU
		{DB038FBA-FAB1-4CED-AD99-3252ADA05547}.Debug|x86.ActiveCfg = Debug|Any CPU
		{DB038FBA-FAB1-4CED-AD99-3252ADA05547}.Debug|x86.Build.0 = Debug|Any CPU
		{DB038FBA-FAB1-4CED-AD99-3252ADA05547}.Release|Any CPU.ActiveCfg = Release|Any CPU
		{DB038FBA-FAB1-4CED-AD99-3252ADA05547}.Release|Any CPU.Build.0 = Release|Any CPU
		{DB038FBA-FAB1-4CED-AD99-3252ADA05547}.Release|x64.ActiveCfg = Release|Any CPU
		{DB038FBA-FAB1-4CED-AD99-3252ADA05547}.Release|x64.Build.0 = Release|Any CPU
		{DB038FBA-FAB1-4CED-AD99-3252ADA05547}.Release|x86.ActiveCfg = Release|Any CPU
		{DB038FBA-FAB1-4CED-AD99-3252ADA05547}.Release|x86.Build.0 = Release|Any CPU
		{065ED6DD-1664-42FE-A9FC-5BADB18FC25E}.Debug|Any CPU.ActiveCfg = Debug|Any CPU
		{065ED6DD-1664-42FE-A9FC-5BADB18FC25E}.Debug|Any CPU.Build.0 = Debug|Any CPU
		{065ED6DD-1664-42FE-A9FC-5BADB18FC25E}.Debug|x64.ActiveCfg = Debug|Any CPU
		{065ED6DD-1664-42FE-A9FC-5BADB18FC25E}.Debug|x64.Build.0 = Debug|Any CPU
		{065ED6DD-1664-42FE-A9FC-5BADB18FC25E}.Debug|x86.ActiveCfg = Debug|Any CPU
		{065ED6DD-1664-42FE-A9FC-5BADB18FC25E}.Debug|x86.Build.0 = Debug|Any CPU
		{065ED6DD-1664-42FE-A9FC-5BADB18FC25E}.Release|Any CPU.ActiveCfg = Release|Any CPU
		{065ED6DD-1664-42FE-A9FC-5BADB18FC25E}.Release|Any CPU.Build.0 = Release|Any CPU
		{065ED6DD-1664-42FE-A9FC-5BADB18FC25E}.Release|x64.ActiveCfg = Release|Any CPU
		{065ED6DD-1664-42FE-A9FC-5BADB18FC25E}.Release|x64.Build.0 = Release|Any CPU
		{065ED6DD-1664-42FE-A9FC-5BADB18FC25E}.Release|x86.ActiveCfg = Release|Any CPU
		{065ED6DD-1664-42FE-A9FC-5BADB18FC25E}.Release|x86.Build.0 = Release|Any CPU
		{AA75A654-24A1-4A3B-9D02-0EA3ABC4DFF1}.Debug|Any CPU.ActiveCfg = Debug|Any CPU
		{AA75A654-24A1-4A3B-9D02-0EA3ABC4DFF1}.Debug|Any CPU.Build.0 = Debug|Any CPU
		{AA75A654-24A1-4A3B-9D02-0EA3ABC4DFF1}.Debug|x64.ActiveCfg = Debug|Any CPU
		{AA75A654-24A1-4A3B-9D02-0EA3ABC4DFF1}.Debug|x64.Build.0 = Debug|Any CPU
		{AA75A654-24A1-4A3B-9D02-0EA3ABC4DFF1}.Debug|x86.ActiveCfg = Debug|Any CPU
		{AA75A654-24A1-4A3B-9D02-0EA3ABC4DFF1}.Debug|x86.Build.0 = Debug|Any CPU
		{AA75A654-24A1-4A3B-9D02-0EA3ABC4DFF1}.Release|Any CPU.ActiveCfg = Release|Any CPU
		{AA75A654-24A1-4A3B-9D02-0EA3ABC4DFF1}.Release|Any CPU.Build.0 = Release|Any CPU
		{AA75A654-24A1-4A3B-9D02-0EA3ABC4DFF1}.Release|x64.ActiveCfg = Release|Any CPU
		{AA75A654-24A1-4A3B-9D02-0EA3ABC4DFF1}.Release|x64.Build.0 = Release|Any CPU
		{AA75A654-24A1-4A3B-9D02-0EA3ABC4DFF1}.Release|x86.ActiveCfg = Release|Any CPU
		{AA75A654-24A1-4A3B-9D02-0EA3ABC4DFF1}.Release|x86.Build.0 = Release|Any CPU
		{0B8AE329-7F43-4A2B-BA8E-F2674C05BEC5}.Debug|Any CPU.ActiveCfg = Debug|Any CPU
		{0B8AE329-7F43-4A2B-BA8E-F2674C05BEC5}.Debug|Any CPU.Build.0 = Debug|Any CPU
		{0B8AE329-7F43-4A2B-BA8E-F2674C05BEC5}.Debug|x64.ActiveCfg = Debug|Any CPU
		{0B8AE329-7F43-4A2B-BA8E-F2674C05BEC5}.Debug|x64.Build.0 = Debug|Any CPU
		{0B8AE329-7F43-4A2B-BA8E-F2674C05BEC5}.Debug|x86.ActiveCfg = Debug|Any CPU
		{0B8AE329-7F43-4A2B-BA8E-F2674C05BEC5}.Debug|x86.Build.0 = Debug|Any CPU
		{0B8AE329-7F43-4A2B-BA8E-F2674C05BEC5}.Release|Any CPU.ActiveCfg = Release|Any CPU
		{0B8AE329-7F43-4A2B-BA8E-F2674C05BEC5}.Release|Any CPU.Build.0 = Release|Any CPU
		{0B8AE329-7F43-4A2B-BA8E-F2674C05BEC5}.Release|x64.ActiveCfg = Release|Any CPU
		{0B8AE329-7F43-4A2B-BA8E-F2674C05BEC5}.Release|x64.Build.0 = Release|Any CPU
		{0B8AE329-7F43-4A2B-BA8E-F2674C05BEC5}.Release|x86.ActiveCfg = Release|Any CPU
		{0B8AE329-7F43-4A2B-BA8E-F2674C05BEC5}.Release|x86.Build.0 = Release|Any CPU
		{221DD6D3-6D10-48B6-8A62-455DE15D437A}.Debug|Any CPU.ActiveCfg = Debug|Any CPU
		{221DD6D3-6D10-48B6-8A62-455DE15D437A}.Debug|Any CPU.Build.0 = Debug|Any CPU
		{221DD6D3-6D10-48B6-8A62-455DE15D437A}.Debug|x64.ActiveCfg = Debug|Any CPU
		{221DD6D3-6D10-48B6-8A62-455DE15D437A}.Debug|x64.Build.0 = Debug|Any CPU
		{221DD6D3-6D10-48B6-8A62-455DE15D437A}.Debug|x86.ActiveCfg = Debug|Any CPU
		{221DD6D3-6D10-48B6-8A62-455DE15D437A}.Debug|x86.Build.0 = Debug|Any CPU
		{221DD6D3-6D10-48B6-8A62-455DE15D437A}.Release|Any CPU.ActiveCfg = Release|Any CPU
		{221DD6D3-6D10-48B6-8A62-455DE15D437A}.Release|Any CPU.Build.0 = Release|Any CPU
		{221DD6D3-6D10-48B6-8A62-455DE15D437A}.Release|x64.ActiveCfg = Release|Any CPU
		{221DD6D3-6D10-48B6-8A62-455DE15D437A}.Release|x64.Build.0 = Release|Any CPU
		{221DD6D3-6D10-48B6-8A62-455DE15D437A}.Release|x86.ActiveCfg = Release|Any CPU
		{221DD6D3-6D10-48B6-8A62-455DE15D437A}.Release|x86.Build.0 = Release|Any CPU
	EndGlobalSection
	GlobalSection(SolutionProperties) = preSolution
		HideSolutionNode = FALSE
	EndGlobalSection
	GlobalSection(NestedProjects) = preSolution
		{31D23686-B24E-4B43-8686-E7E1BBB07D2E} = {59CAEA31-4096-7F28-CF1D-73A1B359F9C6}
		{A474DA3C-DB27-419B-8FC3-38D8088379D6} = {59CAEA31-4096-7F28-CF1D-73A1B359F9C6}
		{A05A5A4E-E6DC-475B-8976-3D22F465E6CD} = {59CAEA31-4096-7F28-CF1D-73A1B359F9C6}
		{BFA7063B-AFE8-482B-9475-C449BF34BBDB} = {17E4BE37-DF7D-7D64-86D1-11F9AEBAA624}
		{7B553B2F-2F85-4E6E-9928-9F4ECEE37FA4} = {9B84280F-5814-58CB-A639-D885E59A34AD}
		{6A8FA965-EC36-4F5B-84B9-4363BA7B5203} = {7F29BA97-E352-F406-4DD6-EB84EFE882EB}
		{089F4A96-0F1D-45EA-93B8-E4F60C56BEA4} = {7F29BA97-E352-F406-4DD6-EB84EFE882EB}
		{DB038FBA-FAB1-4CED-AD99-3252ADA05547} = {7F29BA97-E352-F406-4DD6-EB84EFE882EB}
		{065ED6DD-1664-42FE-A9FC-5BADB18FC25E} = {5E1EDC01-9AB9-497A-3175-DA8143C62406}
		{AA75A654-24A1-4A3B-9D02-0EA3ABC4DFF1} = {512DD082-EDAA-172F-0C57-B2A2D1BF164A}
		{0B8AE329-7F43-4A2B-BA8E-F2674C05BEC5} = {A8F5A690-D9F9-54FE-C989-930DE2913FDC}
		{221DD6D3-6D10-48B6-8A62-455DE15D437A} = {6F75CAE1-0C42-F5E8-8AD2-40D99B1A9D74}
	EndGlobalSection
EndGlobal
